
Microsoft Visual Studio Solution File, Format Version 12.00
# Visual Studio Version 17
VisualStudioVersion = 17.4.33205.214
MinimumVisualStudioVersion = 10.0.40219.1
Project("{FAE04EC0-301F-11D3-BF4B-00C04F79EFBC}") = "WebApplication2", "WebApplication2\WebApplication2.csproj", "{5589FD48-EFAA-4F6E-AC91-AEF0E8CF6353}"
EndProject
Global
	GlobalSection(SolutionConfigurationPlatforms) = preSolution
		Debug|Any CPU = Debug|Any CPU
		Release|Any CPU = Release|Any CPU
	EndGlobalSection
	GlobalSection(ProjectConfigurationPlatforms) = postSolution
		{5589FD48-EFAA-4F6E-AC91-AEF0E8CF6353}.Debug|Any CPU.ActiveCfg = Debug|Any CPU
		{5589FD48-EFAA-4F6E-AC91-AEF0E8CF6353}.Debug|Any CPU.Build.0 = Debug|Any CPU
		{5589FD48-EFAA-4F6E-AC91-AEF0E8CF6353}.Release|Any CPU.ActiveCfg = Release|Any CPU
		{5589FD48-EFAA-4F6E-AC91-AEF0E8CF6353}.Release|Any CPU.Build.0 = Release|Any CPU
	EndGlobalSection
	GlobalSection(SolutionProperties) = preSolution
		HideSolutionNode = FALSE
	EndGlobalSection
	GlobalSection(ExtensibilityGlobals) = postSolution
		SolutionGuid = {B8FFD33B-417A-4B26-BB73-629E3F242E3C}
	EndGlobalSection
EndGlobal
